
Microsoft Visual Studio Solution File, Format Version 12.00
# Visual Studio 2015
Project("{FAE04EC0-301F-11D3-BF4B-00C04F79EFBC}") = "Super-Space-Pachinko", "Super-Space-Pachinko.csproj", "{343654EC-14E4-B008-562C-D21D2C4A622D}"
EndProject
Project("{FAE04EC0-301F-11D3-BF4B-00C04F79EFBC}") = "Super-Space-Pachinko.Editor", "Super-Space-Pachinko.Editor.csproj", "{A74A68AA-49F1-4120-7F8C-5224F7A2EF1F}"
EndProject
Global
	GlobalSection(SolutionConfigurationPlatforms) = preSolution
		Debug|Any CPU = Debug|Any CPU
		Release|Any CPU = Release|Any CPU
	EndGlobalSection
	GlobalSection(ProjectConfigurationPlatforms) = postSolution
		{343654EC-14E4-B008-562C-D21D2C4A622D}.Debug|Any CPU.ActiveCfg = Debug|Any CPU
		{343654EC-14E4-B008-562C-D21D2C4A622D}.Debug|Any CPU.Build.0 = Debug|Any CPU
		{343654EC-14E4-B008-562C-D21D2C4A622D}.Release|Any CPU.ActiveCfg = Release|Any CPU
		{343654EC-14E4-B008-562C-D21D2C4A622D}.Release|Any CPU.Build.0 = Release|Any CPU
		{A74A68AA-49F1-4120-7F8C-5224F7A2EF1F}.Debug|Any CPU.ActiveCfg = Debug|Any CPU
		{A74A68AA-49F1-4120-7F8C-5224F7A2EF1F}.Debug|Any CPU.Build.0 = Debug|Any CPU
		{A74A68AA-49F1-4120-7F8C-5224F7A2EF1F}.Release|Any CPU.ActiveCfg = Release|Any CPU
		{A74A68AA-49F1-4120-7F8C-5224F7A2EF1F}.Release|Any CPU.Build.0 = Release|Any CPU
	EndGlobalSection
	GlobalSection(SolutionProperties) = preSolution
		HideSolutionNode = FALSE
	EndGlobalSection
EndGlobal
